// !$*UTF8*$!
{
	archiveVersion = 1;
	classes = {
	};
	objectVersion = 50;
	objects = {

/* Begin PBXBuildFile section */
		C224AD082163476700EE28FE /* AppDelegate.swift in Sources */ = {isa = PBXBuildFile; fileRef = C224AD072163476700EE28FE /* AppDelegate.swift */; };
		C224AD0A2163476700EE28FE /* ViewController.swift in Sources */ = {isa = PBXBuildFile; fileRef = C224AD092163476700EE28FE /* ViewController.swift */; };
		C224AD0D2163476700EE28FE /* Main.storyboard in Resources */ = {isa = PBXBuildFile; fileRef = C224AD0B2163476700EE28FE /* Main.storyboard */; };
		C224AD0F2163476900EE28FE /* Assets.xcassets in Resources */ = {isa = PBXBuildFile; fileRef = C224AD0E2163476900EE28FE /* Assets.xcassets */; };
		C224AD122163476900EE28FE /* LaunchScreen.storyboard in Resources */ = {isa = PBXBuildFile; fileRef = C224AD102163476900EE28FE /* LaunchScreen.storyboard */; };
/* End PBXBuildFile section */

/* Begin PBXFileReference section */
		C224AD042163476700EE28FE /* Get4kVoca.app */ = {isa = PBXFileReference; explicitFileType = wrapper.application; includeInIndex = 0; path = Get4kVoca.app; sourceTree = BUILT_PRODUCTS_DIR; };
		C224AD072163476700EE28FE /* AppDelegate.swift */ = {isa = PBXFileReference; lastKnownFileType = sourcecode.swift; path = AppDelegate.swift; sourceTree = "<group>"; };
		C224AD092163476700EE28FE /* ViewController.swift */ = {isa = PBXFileReference; lastKnownFileType = sourcecode.swift; path = ViewController.swift; sourceTree = "<group>"; };
		C224AD0C2163476700EE28FE /* Base */ = {isa = PBXFileReference; lastKnownFileType = file.storyboard; name = Base; path = Base.lproj/Main.storyboard; sourceTree = "<group>"; };
		C224AD0E2163476900EE28FE /* Assets.xcassets */ = {isa = PBXFileReference; lastKnownFileType = folder.assetcatalog; path = Assets.xcassets; sourceTree = "<group>"; };
		C224AD112163476900EE28FE /* Base */ = {isa = PBXFileReference; lastKnownFileType = file.storyboard; name = Base; path = Base.lproj/LaunchScreen.storyboard; sourceTree = "<group>"; };
		C224AD132163476900EE28FE /* Info.plist */ = {isa = PBXFileReference; lastKnownFileType = text.plist.xml; path = Info.plist; sourceTree = "<group>"; };
/* End PBXFileReference section */

/* Begin PBXFrameworksBuildPhase section */
		C224AD012163476700EE28FE /* Frameworks */ = {
			isa = PBXFrameworksBuildPhase;
			buildActionMask = 2147483647;
			files = (
			);
			runOnlyForDeploymentPostprocessing = 0;
		};
/* End PBXFrameworksBuildPhase section */

/* Begin PBXGroup section */
		C224ACFB2163476600EE28FE = {
			isa = PBXGroup;
			children = (
				C224AD062163476700EE28FE /* Get4kVoca */,
				C224AD052163476700EE28FE /* Products */,
			);
			sourceTree = "<group>";
		};
		C224AD052163476700EE28FE /* Products */ = {
			isa = PBXGroup;
			children = (
				C224AD042163476700EE28FE /* Get4kVoca.app */,
			);
			name = Products;
			sourceTree = "<group>";
		};
		C224AD062163476700EE28FE /* Get4kVoca */ = {
			isa = PBXGroup;
			children = (
				C224AD202163482000EE28FE /* Extensions */,
				C224AD1F2163480F00EE28FE /* Resources */,
				C224AD1E2163480500EE28FE /* Storyboards */,
				C224AD1D216347E900EE28FE /* Application Delegate */,
				C224AD1C216347BF00EE28FE /* Supporting Files */,
				C224AD1B216347AA00EE28FE /* Managers */,
				C224AD1A2163478000EE28FE /* Core Data */,
				C224AD192163477100EE28FE /* View Controllers */,
				C224AD072163476700EE28FE /* AppDelegate.swift */,
				C224AD092163476700EE28FE /* ViewController.swift */,
				C224AD0B2163476700EE28FE /* Main.storyboard */,
				C224AD0E2163476900EE28FE /* Assets.xcassets */,
				C224AD102163476900EE28FE /* LaunchScreen.storyboard */,
				C224AD132163476900EE28FE /* Info.plist */,
			);
			path = Get4kVoca;
			sourceTree = "<group>";
		};
		C224AD192163477100EE28FE /* View Controllers */ = {
			isa = PBXGroup;
			children = (
			);
			path = "View Controllers";
			sourceTree = "<group>";
		};
		C224AD1A2163478000EE28FE /* Core Data */ = {
			isa = PBXGroup;
			children = (
			);
			path = "Core Data";
			sourceTree = "<group>";
		};
		C224AD1B216347AA00EE28FE /* Managers */ = {
			isa = PBXGroup;
			children = (
			);
			path = Managers;
			sourceTree = "<group>";
		};
		C224AD1C216347BF00EE28FE /* Supporting Files */ = {
			isa = PBXGroup;
			children = (
			);
			path = "Supporting Files";
			sourceTree = "<group>";
		};
		C224AD1D216347E900EE28FE /* Application Delegate */ = {
			isa = PBXGroup;
			children = (
			);
			path = "Application Delegate";
			sourceTree = "<group>";
		};
		C224AD1E2163480500EE28FE /* Storyboards */ = {
			isa = PBXGroup;
			children = (
			);
			path = Storyboards;
			sourceTree = "<group>";
		};
		C224AD1F2163480F00EE28FE /* Resources */ = {
			isa = PBXGroup;
			children = (
			);
			path = Resources;
			sourceTree = "<group>";
		};
		C224AD202163482000EE28FE /* Extensions */ = {
			isa = PBXGroup;
			children = (
			);
			path = Extensions;
			sourceTree = "<group>";
		};
/* End PBXGroup section */

/* Begin PBXNativeTarget section */
		C224AD032163476700EE28FE /* Get4kVoca */ = {
			isa = PBXNativeTarget;
			buildConfigurationList = C224AD162163476900EE28FE /* Build configuration list for PBXNativeTarget "Get4kVoca" */;
			buildPhases = (
				C224AD002163476700EE28FE /* Sources */,
				C224AD012163476700EE28FE /* Frameworks */,
				C224AD022163476700EE28FE /* Resources */,
			);
			buildRules = (
			);
			dependencies = (
			);
			name = Get4kVoca;
			productName = Get4kVoca;
			productReference = C224AD042163476700EE28FE /* Get4kVoca.app */;
			productType = "com.apple.product-type.application";
		};
/* End PBXNativeTarget section */

/* Begin PBXProject section */
		C224ACFC2163476700EE28FE /* Project object */ = {
			isa = PBXProject;
			attributes = {
				LastSwiftUpdateCheck = 1000;
				LastUpgradeCheck = 1000;
				ORGANIZATIONNAME = activecog;
				TargetAttributes = {
					C224AD032163476700EE28FE = {
						CreatedOnToolsVersion = 10.0;
					};
				};
			};
			buildConfigurationList = C224ACFF2163476700EE28FE /* Build configuration list for PBXProject "Get4kVoca" */;
			compatibilityVersion = "Xcode 9.3";
			developmentRegion = en;
			hasScannedForEncodings = 0;
			knownRegions = (
				en,
				Base,
			);
			mainGroup = C224ACFB2163476600EE28FE;
			productRefGroup = C224AD052163476700EE28FE /* Products */;
			projectDirPath = "";
			projectRoot = "";
			targets = (
				C224AD032163476700EE28FE /* Get4kVoca */,
			);
		};
/* End PBXProject section */

/* Begin PBXResourcesBuildPhase section */
		C224AD022163476700EE28FE /* Resources */ = {
			isa = PBXResourcesBuildPhase;
			buildActionMask = 2147483647;
			files = (
				C224AD122163476900EE28FE /* LaunchScreen.storyboard in Resources */,
				C224AD0F2163476900EE28FE /* Assets.xcassets in Resources */,
				C224AD0D2163476700EE28FE /* Main.storyboard in Resources */,
			);
			runOnlyForDeploymentPostprocessing = 0;
		};
/* End PBXResourcesBuildPhase section */

/* Begin PBXSourcesBuildPhase section */
		C224AD002163476700EE28FE /* Sources */ = {
			isa = PBXSourcesBuildPhase;
			buildActionMask = 2147483647;
			files = (
				C224AD0A2163476700EE28FE /* ViewController.swift in Sources */,
				C224AD082163476700EE28FE /* AppDelegate.swift in Sources */,
			);
			runOnlyForDeploymentPostprocessing = 0;
		};
/* End PBXSourcesBuildPhase section */

/* Begin PBXVariantGroup section */
		C224AD0B2163476700EE28FE /* Main.storyboard */ = {
			isa = PBXVariantGroup;
			children = (
				C224AD0C2163476700EE28FE /* Base */,
			);
			name = Main.storyboard;
			sourceTree = "<group>";
		};
		C224AD102163476900EE28FE /* LaunchScreen.storyboard */ = {
			isa = PBXVariantGroup;
			children = (
				C224AD112163476900EE28FE /* Base */,
			);
			name = LaunchScreen.storyboard;
			sourceTree = "<group>";
		};
/* End PBXVariantGroup section */

/* Begin XCBuildConfiguration section */
		C224AD142163476900EE28FE /* Debug */ = {
			isa = XCBuildConfiguration;
			buildSettings = {
				ALWAYS_SEARCH_USER_PATHS = NO;
				CLANG_ANALYZER_NONNULL = YES;
				CLANG_ANALYZER_NUMBER_OBJECT_CONVERSION = YES_AGGRESSIVE;
				CLANG_CXX_LANGUAGE_STANDARD = "gnu++14";
				CLANG_CXX_LIBRARY = "libc++";
				CLANG_ENABLE_MODULES = YES;
				CLANG_ENABLE_OBJC_ARC = YES;
				CLANG_ENABLE_OBJC_WEAK = YES;
				CLANG_WARN_BLOCK_CAPTURE_AUTORELEASING = YES;
				CLANG_WARN_BOOL_CONVERSION = YES;
				CLANG_WARN_COMMA = YES;
				CLANG_WARN_CONSTANT_CONVERSION = YES;
				CLANG_WARN_DEPRECATED_OBJC_IMPLEMENTATIONS = YES;
				CLANG_WARN_DIRECT_OBJC_ISA_USAGE = YES_ERROR;
				CLANG_WARN_DOCUMENTATION_COMMENTS = YES;
				CLANG_WARN_EMPTY_BODY = YES;
				CLANG_WARN_ENUM_CONVERSION = YES;
				CLANG_WARN_INFINITE_RECURSION = YES;
				CLANG_WARN_INT_CONVERSION = YES;
				CLANG_WARN_NON_LITERAL_NULL_CONVERSION = YES;
				CLANG_WARN_OBJC_IMPLICIT_RETAIN_SELF = YES;
				CLANG_WARN_OBJC_LITERAL_CONVERSION = YES;
				CLANG_WARN_OBJC_ROOT_CLASS = YES_ERROR;
				CLANG_WARN_RANGE_LOOP_ANALYSIS = YES;
				CLANG_WARN_STRICT_PROTOTYPES = YES;
				CLANG_WARN_SUSPICIOUS_MOVE = YES;
				CLANG_WARN_UNGUARDED_AVAILABILITY = YES_AGGRESSIVE;
				CLANG_WARN_UNREACHABLE_CODE = YES;
				CLANG_WARN__DUPLICATE_METHOD_MATCH = YES;
				CODE_SIGN_IDENTITY = "iPhone Developer";
				COPY_PHASE_STRIP = NO;
				DEBUG_INFORMATION_FORMAT = dwarf;
				ENABLE_STRICT_OBJC_MSGSEND = YES;
				ENABLE_TESTABILITY = YES;
				GCC_C_LANGUAGE_STANDARD = gnu11;
				GCC_DYNAMIC_NO_PIC = NO;
				GCC_NO_COMMON_BLOCKS = YES;
				GCC_OPTIMIZATION_LEVEL = 0;
				GCC_PREPROCESSOR_DEFINITIONS = (
					"DEBUG=1",
					"$(inherited)",
				);
				GCC_WARN_64_TO_32_BIT_CONVERSION = YES;
				GCC_WARN_ABOUT_RETURN_TYPE = YES_ERROR;
				GCC_WARN_UNDECLARED_SELECTOR = YES;
				GCC_WARN_UNINITIALIZED_AUTOS = YES_AGGRESSIVE;
				GCC_WARN_UNUSED_FUNCTION = YES;
				GCC_WARN_UNUSED_VARIABLE = YES;
				IPHONEOS_DEPLOYMENT_TARGET = 12.0;
				MTL_ENABLE_DEBUG_INFO = INCLUDE_SOURCE;
				MTL_FAST_MATH = YES;
				ONLY_ACTIVE_ARCH = YES;
				SDKROOT = iphoneos;
				SWIFT_ACTIVE_COMPILATION_CONDITIONS = DEBUG;
				SWIFT_OPTIMIZATION_LEVEL = "-Onone";
			};
			name = Debug;
		};
		C224AD152163476900EE28FE /* Release */ = {
			isa = XCBuildConfiguration;
			buildSettings = {
				ALWAYS_SEARCH_USER_PATHS = NO;
				CLANG_ANALYZER_NONNULL = YES;
				CLANG_ANALYZER_NUMBER_OBJECT_CONVERSION = YES_AGGRESSIVE;
				CLANG_CXX_LANGUAGE_STANDARD = "gnu++14";
				CLANG_CXX_LIBRARY = "libc++";
				CLANG_ENABLE_MODULES = YES;
				CLANG_ENABLE_OBJC_ARC = YES;
				CLANG_ENABLE_OBJC_WEAK = YES;
				CLANG_WARN_BLOCK_CAPTURE_AUTORELEASING = YES;
				CLANG_WARN_BOOL_CONVERSION = YES;
				CLANG_WARN_COMMA = YES;
				CLANG_WARN_CONSTANT_CONVERSION = YES;
				CLANG_WARN_DEPRECATED_OBJC_IMPLEMENTATIONS = YES;
				CLANG_WARN_DIRECT_OBJC_ISA_USAGE = YES_ERROR;
				CLANG_WARN_DOCUMENTATION_COMMENTS = YES;
				CLANG_WARN_EMPTY_BODY = YES;
				CLANG_WARN_ENUM_CONVERSION = YES;
				CLANG_WARN_INFINITE_RECURSION = YES;
				CLANG_WARN_INT_CONVERSION = YES;
				CLANG_WARN_NON_LITERAL_NULL_CONVERSION = YES;
				CLANG_WARN_OBJC_IMPLICIT_RETAIN_SELF = YES;
				CLANG_WARN_OBJC_LITERAL_CONVERSION = YES;
				CLANG_WARN_OBJC_ROOT_CLASS = YES_ERROR;
				CLANG_WARN_RANGE_LOOP_ANALYSIS = YES;
				CLANG_WARN_STRICT_PROTOTYPES = YES;
				CLANG_WARN_SUSPICIOUS_MOVE = YES;
				CLANG_WARN_UNGUARDED_AVAILABILITY = YES_AGGRESSIVE;
				CLANG_WARN_UNREACHABLE_CODE = YES;
				CLANG_WARN__DUPLICATE_METHOD_MATCH = YES;
				CODE_SIGN_IDENTITY = "iPhone Developer";
				COPY_PHASE_STRIP = NO;
				DEBUG_INFORMATION_FORMAT = "dwarf-with-dsym";
				ENABLE_NS_ASSERTIONS = NO;
				ENABLE_STRICT_OBJC_MSGSEND = YES;
				GCC_C_LANGUAGE_STANDARD = gnu11;
				GCC_NO_COMMON_BLOCKS = YES;
				GCC_WARN_64_TO_32_BIT_CONVERSION = YES;
				GCC_WARN_ABOUT_RETURN_TYPE = YES_ERROR;
				GCC_WARN_UNDECLARED_SELECTOR = YES;
				GCC_WARN_UNINITIALIZED_AUTOS = YES_AGGRESSIVE;
				GCC_WARN_UNUSED_FUNCTION = YES;
				GCC_WARN_UNUSED_VARIABLE = YES;
				IPHONEOS_DEPLOYMENT_TARGET = 12.0;
				MTL_ENABLE_DEBUG_INFO = NO;
				MTL_FAST_MATH = YES;
				SDKROOT = iphoneos;
				SWIFT_COMPILATION_MODE = wholemodule;
				SWIFT_OPTIMIZATION_LEVEL = "-O";
				VALIDATE_PRODUCT = YES;
			};
			name = Release;
		};
		C224AD172163476900EE28FE /* Debug */ = {
			isa = XCBuildConfiguration;
			buildSettings = {
				ASSETCATALOG_COMPILER_APPICON_NAME = AppIcon;
				CODE_SIGN_STYLE = Automatic;
				DEVELOPMENT_TEAM = 2E5UT2C56T;
				INFOPLIST_FILE = Get4kVoca/Info.plist;
				LD_RUNPATH_SEARCH_PATHS = (
					"$(inherited)",
					"@executable_path/Frameworks",
				);
				PRODUCT_BUNDLE_IDENTIFIER = app.Get4kVoca;
				PRODUCT_NAME = "$(TARGET_NAME)";
				SWIFT_VERSION = 4.2;
				TARGETED_DEVICE_FAMILY = "1,2";
			};
			name = Debug;
		};
		C224AD182163476900EE28FE /* Release */ = {
			isa = XCBuildConfiguration;
			buildSettings = {
				ASSETCATALOG_COMPILER_APPICON_NAME = AppIcon;
				CODE_SIGN_STYLE = Automatic;
				DEVELOPMENT_TEAM = 2E5UT2C56T;
				INFOPLIST_FILE = Get4kVoca/Info.plist;
				LD_RUNPATH_SEARCH_PATHS = (
					"$(inherited)",
					"@executable_path/Frameworks",
				);
				PRODUCT_BUNDLE_IDENTIFIER = app.Get4kVoca;
				PRODUCT_NAME = "$(TARGET_NAME)";
				SWIFT_VERSION = 4.2;
				TARGETED_DEVICE_FAMILY = "1,2";
			};
			name = Release;
		};
/* End XCBuildConfiguration section */

/* Begin XCConfigurationList section */
		C224ACFF2163476700EE28FE /* Build configuration list for PBXProject "Get4kVoca" */ = {
			isa = XCConfigurationList;
			buildConfigurations = (
				C224AD142163476900EE28FE /* Debug */,
				C224AD152163476900EE28FE /* Release */,
			);
			defaultConfigurationIsVisible = 0;
			defaultConfigurationName = Release;
		};
		C224AD162163476900EE28FE /* Build configuration list for PBXNativeTarget "Get4kVoca" */ = {
			isa = XCConfigurationList;
			buildConfigurations = (
				C224AD172163476900EE28FE /* Debug */,
				C224AD182163476900EE28FE /* Release */,
			);
			defaultConfigurationIsVisible = 0;
			defaultConfigurationName = Release;
		};
/* End XCConfigurationList section */
	};
	rootObject = C224ACFC2163476700EE28FE /* Project object */;
}
